
Microsoft Visual Studio Solution File, Format Version 12.00
# Visual Studio Version 16
VisualStudioVersion = 16.0.29728.190
MinimumVisualStudioVersion = 10.0.40219.1
Project("{FAE04EC0-301F-11D3-BF4B-00C04F79EFBC}") = "BeyondTheTutor", "BeyondTheTutor\BeyondTheTutor.csproj", "{E1E9DF2B-5EBA-4879-8179-FD657E9C03D0}"
EndProject
Global
	GlobalSection(SolutionConfigurationPlatforms) = preSolution
		Debug|Any CPU = Debug|Any CPU
		Release|Any CPU = Release|Any CPU
	EndGlobalSection
	GlobalSection(ProjectConfigurationPlatforms) = postSolution
		{E1E9DF2B-5EBA-4879-8179-FD657E9C03D0}.Debug|Any CPU.ActiveCfg = Debug|Any CPU
		{E1E9DF2B-5EBA-4879-8179-FD657E9C03D0}.Debug|Any CPU.Build.0 = Debug|Any CPU
		{E1E9DF2B-5EBA-4879-8179-FD657E9C03D0}.Release|Any CPU.ActiveCfg = Release|Any CPU
		{E1E9DF2B-5EBA-4879-8179-FD657E9C03D0}.Release|Any CPU.Build.0 = Release|Any CPU
	EndGlobalSection
	GlobalSection(SolutionProperties) = preSolution
		HideSolutionNode = FALSE
	EndGlobalSection
	GlobalSection(ExtensibilityGlobals) = postSolution
		SolutionGuid = {4CF76236-8F5D-4084-8A54-E1225242A762}
	EndGlobalSection
EndGlobal
